
Microsoft Visual Studio Solution File, Format Version 12.00
# Visual Studio Version 17
VisualStudioVersion = 17.12.35410.144 d17.12
MinimumVisualStudioVersion = 10.0.40219.1
Project("{FAE04EC0-301F-11D3-BF4B-00C04F79EFBC}") = "EntityTools.DbContextBackedService.Test", "EntityTools.DbContextBackedService.Test\EntityTools.DbContextBackedService.Test.csproj", "{9F54CF3F-70FF-45AB-866F-595A01736109}"
EndProject
Project("{FAE04EC0-301F-11D3-BF4B-00C04F79EFBC}") = "EntityTools.DbContextBackedService", "EntityTools.DbContextBackedService\EntityTools.DbContextBackedService.csproj", "{F068567F-E64E-4EC7-BDA1-B0D6D1323B56}"
EndProject
Global
	GlobalSection(SolutionConfigurationPlatforms) = preSolution
		Debug|Any CPU = Debug|Any CPU
		Release|Any CPU = Release|Any CPU
	EndGlobalSection
	GlobalSection(ProjectConfigurationPlatforms) = postSolution
		{9F54CF3F-70FF-45AB-866F-595A01736109}.Debug|Any CPU.ActiveCfg = Debug|Any CPU
		{9F54CF3F-70FF-45AB-866F-595A01736109}.Debug|Any CPU.Build.0 = Debug|Any CPU
		{9F54CF3F-70FF-45AB-866F-595A01736109}.Release|Any CPU.ActiveCfg = Release|Any CPU
		{9F54CF3F-70FF-45AB-866F-595A01736109}.Release|Any CPU.Build.0 = Release|Any CPU
		{F068567F-E64E-4EC7-BDA1-B0D6D1323B56}.Debug|Any CPU.ActiveCfg = Debug|Any CPU
		{F068567F-E64E-4EC7-BDA1-B0D6D1323B56}.Debug|Any CPU.Build.0 = Debug|Any CPU
		{F068567F-E64E-4EC7-BDA1-B0D6D1323B56}.Release|Any CPU.ActiveCfg = Release|Any CPU
		{F068567F-E64E-4EC7-BDA1-B0D6D1323B56}.Release|Any CPU.Build.0 = Release|Any CPU
	EndGlobalSection
	GlobalSection(SolutionProperties) = preSolution
		HideSolutionNode = FALSE
	EndGlobalSection
EndGlobal
